// !$*UTF8*$!
{
	archiveVersion = 1;
	classes = {
	};
	objectVersion = 46;
	objects = {

/* Begin PBXBuildFile section */
		4121E3971DBCAE9900D322B6 /* MapKit.framework in Frameworks */ = {isa = PBXBuildFile; fileRef = 4121E3961DBCAE9900D322B6 /* MapKit.framework */; };
		4146CCD11DC08338008FAC5D /* CoreLocation.framework in Frameworks */ = {isa = PBXBuildFile; fileRef = 4146CCD01DC08338008FAC5D /* CoreLocation.framework */; };
		415705D71DC3225B003AE0E8 /* AppPreference.swift in Sources */ = {isa = PBXBuildFile; fileRef = 415705D61DC3225B003AE0E8 /* AppPreference.swift */; };
		418B8E801DDC1FEE00EE2D6D /* PaddingLabel.swift in Sources */ = {isa = PBXBuildFile; fileRef = 418B8E7F1DDC1FEE00EE2D6D /* PaddingLabel.swift */; };
		419AD44C1DF7FD2500ECD034 /* InfoPlist.strings in Resources */ = {isa = PBXBuildFile; fileRef = 419AD44E1DF7FD2500ECD034 /* InfoPlist.strings */; };
		419AD4531DF8080D00ECD034 /* icon_setting.png in Resources */ = {isa = PBXBuildFile; fileRef = 419AD4521DF8080D00ECD034 /* icon_setting.png */; };
		41A0849E1DC9A6BB0056C2D7 /* CommonUtility.swift in Sources */ = {isa = PBXBuildFile; fileRef = 41A0849D1DC9A6BB0056C2D7 /* CommonUtility.swift */; };
		41A21C561DBB7B9D00D8AD26 /* AppDelegate.swift in Sources */ = {isa = PBXBuildFile; fileRef = 41A21C551DBB7B9D00D8AD26 /* AppDelegate.swift */; };
		41A21C581DBB7B9D00D8AD26 /* MainViewController.swift in Sources */ = {isa = PBXBuildFile; fileRef = 41A21C571DBB7B9D00D8AD26 /* MainViewController.swift */; };
		41A21C5B1DBB7B9D00D8AD26 /* Main.storyboard in Resources */ = {isa = PBXBuildFile; fileRef = 41A21C591DBB7B9D00D8AD26 /* Main.storyboard */; };
		41A21C5D1DBB7B9E00D8AD26 /* Assets.xcassets in Resources */ = {isa = PBXBuildFile; fileRef = 41A21C5C1DBB7B9E00D8AD26 /* Assets.xcassets */; };
		41A21C601DBB7B9E00D8AD26 /* LaunchScreen.storyboard in Resources */ = {isa = PBXBuildFile; fileRef = 41A21C5E1DBB7B9E00D8AD26 /* LaunchScreen.storyboard */; };
		41A602031DC7608000ED71CB /* MapMgr.swift in Sources */ = {isa = PBXBuildFile; fileRef = 41A602021DC7608000ED71CB /* MapMgr.swift */; };
		41C8BF461DC1CAF00089344F /* PreferenceViewController.swift in Sources */ = {isa = PBXBuildFile; fileRef = 41C8BF451DC1CAF00089344F /* PreferenceViewController.swift */; };
		41E8AD0A1DC8B34C005AFF82 /* Localizable.strings in Resources */ = {isa = PBXBuildFile; fileRef = 41E8AD0C1DC8B34C005AFF82 /* Localizable.strings */; };
		41FF3A9A1DBB896900C2787A /* AdModDef.swift in Sources */ = {isa = PBXBuildFile; fileRef = 41FF3A981DBB896900C2787A /* AdModDef.swift */; };
		41FF3A9B1DBB896900C2787A /* AdModMgr.swift in Sources */ = {isa = PBXBuildFile; fileRef = 41FF3A991DBB896900C2787A /* AdModMgr.swift */; };
		620088A373CC1C59890EB9A2 /* Pods_HiddenPokemonSearcher.framework in Frameworks */ = {isa = PBXBuildFile; fileRef = E248C7C1EF6121EAC3AB3C09 /* Pods_HiddenPokemonSearcher.framework */; };
/* End PBXBuildFile section */

/* Begin PBXFileReference section */
		4121E3961DBCAE9900D322B6 /* MapKit.framework */ = {isa = PBXFileReference; lastKnownFileType = wrapper.framework; name = MapKit.framework; path = System/Library/Frameworks/MapKit.framework; sourceTree = SDKROOT; };
		4146CCD01DC08338008FAC5D /* CoreLocation.framework */ = {isa = PBXFileReference; lastKnownFileType = wrapper.framework; name = CoreLocation.framework; path = System/Library/Frameworks/CoreLocation.framework; sourceTree = SDKROOT; };
		415705D61DC3225B003AE0E8 /* AppPreference.swift */ = {isa = PBXFileReference; fileEncoding = 4; lastKnownFileType = sourcecode.swift; path = AppPreference.swift; sourceTree = "<group>"; };
		418B8E7F1DDC1FEE00EE2D6D /* PaddingLabel.swift */ = {isa = PBXFileReference; fileEncoding = 4; lastKnownFileType = sourcecode.swift; path = PaddingLabel.swift; sourceTree = "<group>"; };
		419AD44D1DF7FD2500ECD034 /* ja */ = {isa = PBXFileReference; lastKnownFileType = text.plist.strings; name = ja; path = ja.lproj/InfoPlist.strings; sourceTree = "<group>"; };
		419AD44F1DF7FD4000ECD034 /* Base */ = {isa = PBXFileReference; lastKnownFileType = text.plist.strings; name = Base; path = Base.lproj/InfoPlist.strings; sourceTree = "<group>"; };
		419AD4521DF8080D00ECD034 /* icon_setting.png */ = {isa = PBXFileReference; lastKnownFileType = image.png; path = icon_setting.png; sourceTree = "<group>"; };
		41A0849D1DC9A6BB0056C2D7 /* CommonUtility.swift */ = {isa = PBXFileReference; fileEncoding = 4; lastKnownFileType = sourcecode.swift; path = CommonUtility.swift; sourceTree = "<group>"; };
		41A21C521DBB7B9D00D8AD26 /* HiddenPokemonSearcher.app */ = {isa = PBXFileReference; explicitFileType = wrapper.application; includeInIndex = 0; path = HiddenPokemonSearcher.app; sourceTree = BUILT_PRODUCTS_DIR; };
		41A21C551DBB7B9D00D8AD26 /* AppDelegate.swift */ = {isa = PBXFileReference; lastKnownFileType = sourcecode.swift; path = AppDelegate.swift; sourceTree = "<group>"; };
		41A21C571DBB7B9D00D8AD26 /* MainViewController.swift */ = {isa = PBXFileReference; lastKnownFileType = sourcecode.swift; path = MainViewController.swift; sourceTree = "<group>"; };
		41A21C5A1DBB7B9D00D8AD26 /* Base */ = {isa = PBXFileReference; lastKnownFileType = file.storyboard; name = Base; path = Base.lproj/Main.storyboard; sourceTree = "<group>"; };
		41A21C5C1DBB7B9E00D8AD26 /* Assets.xcassets */ = {isa = PBXFileReference; lastKnownFileType = folder.assetcatalog; path = Assets.xcassets; sourceTree = "<group>"; };
		41A21C5F1DBB7B9E00D8AD26 /* Base */ = {isa = PBXFileReference; lastKnownFileType = file.storyboard; name = Base; path = Base.lproj/LaunchScreen.storyboard; sourceTree = "<group>"; };
		41A21C611DBB7B9E00D8AD26 /* Info.plist */ = {isa = PBXFileReference; lastKnownFileType = text.plist.xml; path = Info.plist; sourceTree = "<group>"; };
		41A602021DC7608000ED71CB /* MapMgr.swift */ = {isa = PBXFileReference; fileEncoding = 4; lastKnownFileType = sourcecode.swift; path = MapMgr.swift; sourceTree = "<group>"; };
		41C8BF451DC1CAF00089344F /* PreferenceViewController.swift */ = {isa = PBXFileReference; fileEncoding = 4; lastKnownFileType = sourcecode.swift; path = PreferenceViewController.swift; sourceTree = "<group>"; };
		41E8AD0B1DC8B34C005AFF82 /* Base */ = {isa = PBXFileReference; lastKnownFileType = text.plist.strings; name = Base; path = Base.lproj/Localizable.strings; sourceTree = "<group>"; };
		41E8AD0D1DC8B38A005AFF82 /* ja */ = {isa = PBXFileReference; lastKnownFileType = text.plist.strings; name = ja; path = ja.lproj/Localizable.strings; sourceTree = "<group>"; };
		41FF3A981DBB896900C2787A /* AdModDef.swift */ = {isa = PBXFileReference; fileEncoding = 4; lastKnownFileType = sourcecode.swift; path = AdModDef.swift; sourceTree = "<group>"; };
		41FF3A991DBB896900C2787A /* AdModMgr.swift */ = {isa = PBXFileReference; fileEncoding = 4; lastKnownFileType = sourcecode.swift; path = AdModMgr.swift; sourceTree = "<group>"; };
		8FF151C36442847F85EA1994 /* Pods-HiddenPokemonSearcher.release.xcconfig */ = {isa = PBXFileReference; includeInIndex = 1; lastKnownFileType = text.xcconfig; name = "Pods-HiddenPokemonSearcher.release.xcconfig"; path = "Pods/Target Support Files/Pods-HiddenPokemonSearcher/Pods-HiddenPokemonSearcher.release.xcconfig"; sourceTree = "<group>"; };
		E248C7C1EF6121EAC3AB3C09 /* Pods_HiddenPokemonSearcher.framework */ = {isa = PBXFileReference; explicitFileType = wrapper.framework; includeInIndex = 0; path = Pods_HiddenPokemonSearcher.framework; sourceTree = BUILT_PRODUCTS_DIR; };
		F30FEC3C5D9AF911FBF7E5C6 /* Pods-HiddenPokemonSearcher.debug.xcconfig */ = {isa = PBXFileReference; includeInIndex = 1; lastKnownFileType = text.xcconfig; name = "Pods-HiddenPokemonSearcher.debug.xcconfig"; path = "Pods/Target Support Files/Pods-HiddenPokemonSearcher/Pods-HiddenPokemonSearcher.debug.xcconfig"; sourceTree = "<group>"; };
/* End PBXFileReference section */

/* Begin PBXFrameworksBuildPhase section */
		41A21C4F1DBB7B9C00D8AD26 /* Frameworks */ = {
			isa = PBXFrameworksBuildPhase;
			buildActionMask = 2147483647;
			files = (
				4146CCD11DC08338008FAC5D /* CoreLocation.framework in Frameworks */,
				4121E3971DBCAE9900D322B6 /* MapKit.framework in Frameworks */,
				620088A373CC1C59890EB9A2 /* Pods_HiddenPokemonSearcher.framework in Frameworks */,
			);
			runOnlyForDeploymentPostprocessing = 0;
		};
/* End PBXFrameworksBuildPhase section */

/* Begin PBXGroup section */
		41A21C491DBB7B9C00D8AD26 = {
			isa = PBXGroup;
			children = (
				41A21C541DBB7B9D00D8AD26 /* HiddenPokemonSearcher */,
				41A21C531DBB7B9D00D8AD26 /* Products */,
				FB294DDC92E137342D505BBA /* Pods */,
				B0189FEEA3CFE3687137E670 /* Frameworks */,
			);
			sourceTree = "<group>";
		};
		41A21C531DBB7B9D00D8AD26 /* Products */ = {
			isa = PBXGroup;
			children = (
				41A21C521DBB7B9D00D8AD26 /* HiddenPokemonSearcher.app */,
			);
			name = Products;
			sourceTree = "<group>";
		};
		41A21C541DBB7B9D00D8AD26 /* HiddenPokemonSearcher */ = {
			isa = PBXGroup;
			children = (
				41A21C551DBB7B9D00D8AD26 /* AppDelegate.swift */,
				415705D61DC3225B003AE0E8 /* AppPreference.swift */,
				41A0849D1DC9A6BB0056C2D7 /* CommonUtility.swift */,
				41A21C571DBB7B9D00D8AD26 /* MainViewController.swift */,
				41C8BF451DC1CAF00089344F /* PreferenceViewController.swift */,
				41FF3A981DBB896900C2787A /* AdModDef.swift */,
				41FF3A991DBB896900C2787A /* AdModMgr.swift */,
				41A602021DC7608000ED71CB /* MapMgr.swift */,
				418B8E7F1DDC1FEE00EE2D6D /* PaddingLabel.swift */,
				41A21C591DBB7B9D00D8AD26 /* Main.storyboard */,
				41A21C5C1DBB7B9E00D8AD26 /* Assets.xcassets */,
				41A21C5E1DBB7B9E00D8AD26 /* LaunchScreen.storyboard */,
				41A21C611DBB7B9E00D8AD26 /* Info.plist */,
				41E8AD0C1DC8B34C005AFF82 /* Localizable.strings */,
				419AD44E1DF7FD2500ECD034 /* InfoPlist.strings */,
				419AD4521DF8080D00ECD034 /* icon_setting.png */,
			);
			path = HiddenPokemonSearcher;
			sourceTree = "<group>";
		};
		B0189FEEA3CFE3687137E670 /* Frameworks */ = {
			isa = PBXGroup;
			children = (
				4146CCD01DC08338008FAC5D /* CoreLocation.framework */,
				4121E3961DBCAE9900D322B6 /* MapKit.framework */,
				E248C7C1EF6121EAC3AB3C09 /* Pods_HiddenPokemonSearcher.framework */,
			);
			name = Frameworks;
			sourceTree = "<group>";
		};
		FB294DDC92E137342D505BBA /* Pods */ = {
			isa = PBXGroup;
			children = (
				F30FEC3C5D9AF911FBF7E5C6 /* Pods-HiddenPokemonSearcher.debug.xcconfig */,
				8FF151C36442847F85EA1994 /* Pods-HiddenPokemonSearcher.release.xcconfig */,
			);
			name = Pods;
			sourceTree = "<group>";
		};
/* End PBXGroup section */

/* Begin PBXNativeTarget section */
		41A21C511DBB7B9C00D8AD26 /* HiddenPokemonSearcher */ = {
			isa = PBXNativeTarget;
			buildConfigurationList = 41A21C641DBB7B9E00D8AD26 /* Build configuration list for PBXNativeTarget "HiddenPokemonSearcher" */;
			buildPhases = (
				240F0C349E00A877B522643A /* [CP] Check Pods Manifest.lock */,
				41A21C4E1DBB7B9C00D8AD26 /* Sources */,
				41A21C4F1DBB7B9C00D8AD26 /* Frameworks */,
				41A21C501DBB7B9C00D8AD26 /* Resources */,
				3146B1DF86DF29C61621DAEA /* [CP] Embed Pods Frameworks */,
				4D423971E0FC16C20AEA7B0A /* [CP] Copy Pods Resources */,
			);
			buildRules = (
			);
			dependencies = (
			);
			name = HiddenPokemonSearcher;
			productName = HiddenPokemonSearcher;
			productReference = 41A21C521DBB7B9D00D8AD26 /* HiddenPokemonSearcher.app */;
			productType = "com.apple.product-type.application";
		};
/* End PBXNativeTarget section */

/* Begin PBXProject section */
		41A21C4A1DBB7B9C00D8AD26 /* Project object */ = {
			isa = PBXProject;
			attributes = {
				LastSwiftUpdateCheck = 0800;
				LastUpgradeCheck = 0800;
				ORGANIZATIONNAME = xinext;
				TargetAttributes = {
					41A21C511DBB7B9C00D8AD26 = {
						CreatedOnToolsVersion = 8.0;
						DevelopmentTeam = 6N89BHW7Q5;
						ProvisioningStyle = Automatic;
					};
				};
			};
			buildConfigurationList = 41A21C4D1DBB7B9C00D8AD26 /* Build configuration list for PBXProject "HiddenPokemonSearcher" */;
			compatibilityVersion = "Xcode 3.2";
			developmentRegion = English;
			hasScannedForEncodings = 0;
			knownRegions = (
				en,
				Base,
				ja,
			);
			mainGroup = 41A21C491DBB7B9C00D8AD26;
			productRefGroup = 41A21C531DBB7B9D00D8AD26 /* Products */;
			projectDirPath = "";
			projectRoot = "";
			targets = (
				41A21C511DBB7B9C00D8AD26 /* HiddenPokemonSearcher */,
			);
		};
/* End PBXProject section */

/* Begin PBXResourcesBuildPhase section */
		41A21C501DBB7B9C00D8AD26 /* Resources */ = {
			isa = PBXResourcesBuildPhase;
			buildActionMask = 2147483647;
			files = (
				41A21C601DBB7B9E00D8AD26 /* LaunchScreen.storyboard in Resources */,
				419AD4531DF8080D00ECD034 /* icon_setting.png in Resources */,
				41E8AD0A1DC8B34C005AFF82 /* Localizable.strings in Resources */,
				41A21C5D1DBB7B9E00D8AD26 /* Assets.xcassets in Resources */,
				41A21C5B1DBB7B9D00D8AD26 /* Main.storyboard in Resources */,
				419AD44C1DF7FD2500ECD034 /* InfoPlist.strings in Resources */,
			);
			runOnlyForDeploymentPostprocessing = 0;
		};
/* End PBXResourcesBuildPhase section */

/* Begin PBXShellScriptBuildPhase section */
		240F0C349E00A877B522643A /* [CP] Check Pods Manifest.lock */ = {
			isa = PBXShellScriptBuildPhase;
			buildActionMask = 2147483647;
			files = (
			);
			inputPaths = (
			);
			name = "[CP] Check Pods Manifest.lock";
			outputPaths = (
			);
			runOnlyForDeploymentPostprocessing = 0;
			shellPath = /bin/sh;
			shellScript = "diff \"${PODS_ROOT}/../Podfile.lock\" \"${PODS_ROOT}/Manifest.lock\" > /dev/null\nif [ $? != 0 ] ; then\n    # print error to STDERR\n    echo \"error: The sandbox is not in sync with the Podfile.lock. Run 'pod install' or update your CocoaPods installation.\" >&2\n    exit 1\nfi\n";
			showEnvVarsInLog = 0;
		};
		3146B1DF86DF29C61621DAEA /* [CP] Embed Pods Frameworks */ = {
			isa = PBXShellScriptBuildPhase;
			buildActionMask = 2147483647;
			files = (
			);
			inputPaths = (
			);
			name = "[CP] Embed Pods Frameworks";
			outputPaths = (
			);
			runOnlyForDeploymentPostprocessing = 0;
			shellPath = /bin/sh;
			shellScript = "\"${SRCROOT}/Pods/Target Support Files/Pods-HiddenPokemonSearcher/Pods-HiddenPokemonSearcher-frameworks.sh\"\n";
			showEnvVarsInLog = 0;
		};
		4D423971E0FC16C20AEA7B0A /* [CP] Copy Pods Resources */ = {
			isa = PBXShellScriptBuildPhase;
			buildActionMask = 2147483647;
			files = (
			);
			inputPaths = (
			);
			name = "[CP] Copy Pods Resources";
			outputPaths = (
			);
			runOnlyForDeploymentPostprocessing = 0;
			shellPath = /bin/sh;
			shellScript = "\"${SRCROOT}/Pods/Target Support Files/Pods-HiddenPokemonSearcher/Pods-HiddenPokemonSearcher-resources.sh\"\n";
			showEnvVarsInLog = 0;
		};
/* End PBXShellScriptBuildPhase section */

/* Begin PBXSourcesBuildPhase section */
		41A21C4E1DBB7B9C00D8AD26 /* Sources */ = {
			isa = PBXSourcesBuildPhase;
			buildActionMask = 2147483647;
			files = (
				415705D71DC3225B003AE0E8 /* AppPreference.swift in Sources */,
				41C8BF461DC1CAF00089344F /* PreferenceViewController.swift in Sources */,
				41FF3A9B1DBB896900C2787A /* AdModMgr.swift in Sources */,
				41A0849E1DC9A6BB0056C2D7 /* CommonUtility.swift in Sources */,
				41A602031DC7608000ED71CB /* MapMgr.swift in Sources */,
				41A21C581DBB7B9D00D8AD26 /* MainViewController.swift in Sources */,
				418B8E801DDC1FEE00EE2D6D /* PaddingLabel.swift in Sources */,
				41A21C561DBB7B9D00D8AD26 /* AppDelegate.swift in Sources */,
				41FF3A9A1DBB896900C2787A /* AdModDef.swift in Sources */,
			);
			runOnlyForDeploymentPostprocessing = 0;
		};
/* End PBXSourcesBuildPhase section */

/* Begin PBXVariantGroup section */
		419AD44E1DF7FD2500ECD034 /* InfoPlist.strings */ = {
			isa = PBXVariantGroup;
			children = (
				419AD44D1DF7FD2500ECD034 /* ja */,
				419AD44F1DF7FD4000ECD034 /* Base */,
			);
			name = InfoPlist.strings;
			sourceTree = "<group>";
		};
		41A21C591DBB7B9D00D8AD26 /* Main.storyboard */ = {
			isa = PBXVariantGroup;
			children = (
				41A21C5A1DBB7B9D00D8AD26 /* Base */,
			);
			name = Main.storyboard;
			sourceTree = "<group>";
		};
		41A21C5E1DBB7B9E00D8AD26 /* LaunchScreen.storyboard */ = {
			isa = PBXVariantGroup;
			children = (
				41A21C5F1DBB7B9E00D8AD26 /* Base */,
			);
			name = LaunchScreen.storyboard;
			sourceTree = "<group>";
		};
		41E8AD0C1DC8B34C005AFF82 /* Localizable.strings */ = {
			isa = PBXVariantGroup;
			children = (
				41E8AD0B1DC8B34C005AFF82 /* Base */,
				41E8AD0D1DC8B38A005AFF82 /* ja */,
			);
			name = Localizable.strings;
			sourceTree = "<group>";
		};
/* End PBXVariantGroup section */

/* Begin XCBuildConfiguration section */
		41A21C621DBB7B9E00D8AD26 /* Debug */ = {
			isa = XCBuildConfiguration;
			buildSettings = {
				ALWAYS_SEARCH_USER_PATHS = NO;
				CLANG_ANALYZER_LOCALIZABILITY_NONLOCALIZED = YES;
				CLANG_ANALYZER_NONNULL = YES;
				CLANG_CXX_LANGUAGE_STANDARD = "gnu++0x";
				CLANG_CXX_LIBRARY = "libc++";
				CLANG_ENABLE_MODULES = YES;
				CLANG_ENABLE_OBJC_ARC = YES;
				CLANG_WARN_BOOL_CONVERSION = YES;
				CLANG_WARN_CONSTANT_CONVERSION = YES;
				CLANG_WARN_DIRECT_OBJC_ISA_USAGE = YES_ERROR;
				CLANG_WARN_DOCUMENTATION_COMMENTS = YES;
				CLANG_WARN_EMPTY_BODY = YES;
				CLANG_WARN_ENUM_CONVERSION = YES;
				CLANG_WARN_INFINITE_RECURSION = YES;
				CLANG_WARN_INT_CONVERSION = YES;
				CLANG_WARN_OBJC_ROOT_CLASS = YES_ERROR;
				CLANG_WARN_SUSPICIOUS_MOVE = YES;
				CLANG_WARN_SUSPICIOUS_MOVES = YES;
				CLANG_WARN_UNREACHABLE_CODE = YES;
				CLANG_WARN__DUPLICATE_METHOD_MATCH = YES;
				"CODE_SIGN_IDENTITY[sdk=iphoneos*]" = "iPhone Developer";
				COPY_PHASE_STRIP = NO;
				DEBUG_INFORMATION_FORMAT = dwarf;
				ENABLE_STRICT_OBJC_MSGSEND = YES;
				ENABLE_TESTABILITY = YES;
				GCC_C_LANGUAGE_STANDARD = gnu99;
				GCC_DYNAMIC_NO_PIC = NO;
				GCC_NO_COMMON_BLOCKS = YES;
				GCC_OPTIMIZATION_LEVEL = 0;
				GCC_PREPROCESSOR_DEFINITIONS = (
					"DEBUG=1",
					"$(inherited)",
				);
				GCC_WARN_64_TO_32_BIT_CONVERSION = YES;
				GCC_WARN_ABOUT_RETURN_TYPE = YES_ERROR;
				GCC_WARN_UNDECLARED_SELECTOR = YES;
				GCC_WARN_UNINITIALIZED_AUTOS = YES_AGGRESSIVE;
				GCC_WARN_UNUSED_FUNCTION = YES;
				GCC_WARN_UNUSED_VARIABLE = YES;
				IPHONEOS_DEPLOYMENT_TARGET = 9.3;
				MTL_ENABLE_DEBUG_INFO = YES;
				ONLY_ACTIVE_ARCH = YES;
				OTHER_SWIFT_FLAGS = "-D DEBUG";
				SDKROOT = iphoneos;
				SWIFT_ACTIVE_COMPILATION_CONDITIONS = DEBUG;
				SWIFT_OPTIMIZATION_LEVEL = "-Onone";
				TARGETED_DEVICE_FAMILY = "1,2";
			};
			name = Debug;
		};
		41A21C631DBB7B9E00D8AD26 /* Release */ = {
			isa = XCBuildConfiguration;
			buildSettings = {
				ALWAYS_SEARCH_USER_PATHS = NO;
				CLANG_ANALYZER_LOCALIZABILITY_NONLOCALIZED = YES;
				CLANG_ANALYZER_NONNULL = YES;
				CLANG_CXX_LANGUAGE_STANDARD = "gnu++0x";
				CLANG_CXX_LIBRARY = "libc++";
				CLANG_ENABLE_MODULES = YES;
				CLANG_ENABLE_OBJC_ARC = YES;
				CLANG_WARN_BOOL_CONVERSION = YES;
				CLANG_WARN_CONSTANT_CONVERSION = YES;
				CLANG_WARN_DIRECT_OBJC_ISA_USAGE = YES_ERROR;
				CLANG_WARN_DOCUMENTATION_COMMENTS = YES;
				CLANG_WARN_EMPTY_BODY = YES;
				CLANG_WARN_ENUM_CONVERSION = YES;
				CLANG_WARN_INFINITE_RECURSION = YES;
				CLANG_WARN_INT_CONVERSION = YES;
				CLANG_WARN_OBJC_ROOT_CLASS = YES_ERROR;
				CLANG_WARN_SUSPICIOUS_MOVE = YES;
				CLANG_WARN_SUSPICIOUS_MOVES = YES;
				CLANG_WARN_UNREACHABLE_CODE = YES;
				CLANG_WARN__DUPLICATE_METHOD_MATCH = YES;
				CODE_SIGN_IDENTITY = "iPhone Developer";
				"CODE_SIGN_IDENTITY[sdk=iphoneos*]" = "iPhone Developer";
				COPY_PHASE_STRIP = NO;
				DEBUG_INFORMATION_FORMAT = "dwarf-with-dsym";
				ENABLE_NS_ASSERTIONS = NO;
				ENABLE_STRICT_OBJC_MSGSEND = YES;
				GCC_C_LANGUAGE_STANDARD = gnu99;
				GCC_NO_COMMON_BLOCKS = YES;
				GCC_WARN_64_TO_32_BIT_CONVERSION = YES;
				GCC_WARN_ABOUT_RETURN_TYPE = YES_ERROR;
				GCC_WARN_UNDECLARED_SELECTOR = YES;
				GCC_WARN_UNINITIALIZED_AUTOS = YES_AGGRESSIVE;
				GCC_WARN_UNUSED_FUNCTION = YES;
				GCC_WARN_UNUSED_VARIABLE = YES;
				IPHONEOS_DEPLOYMENT_TARGET = 9.3;
				MTL_ENABLE_DEBUG_INFO = NO;
				SDKROOT = iphoneos;
				SWIFT_OPTIMIZATION_LEVEL = "-Owholemodule";
				TARGETED_DEVICE_FAMILY = "1,2";
				VALIDATE_PRODUCT = YES;
			};
			name = Release;
		};
		41A21C651DBB7B9E00D8AD26 /* Debug */ = {
			isa = XCBuildConfiguration;
			baseConfigurationReference = F30FEC3C5D9AF911FBF7E5C6 /* Pods-HiddenPokemonSearcher.debug.xcconfig */;
			buildSettings = {
				ASSETCATALOG_COMPILER_APPICON_NAME = AppIcon;
				DEVELOPMENT_TEAM = 6N89BHW7Q5;
				INFOPLIST_FILE = HiddenPokemonSearcher/Info.plist;
				LD_RUNPATH_SEARCH_PATHS = "$(inherited) @executable_path/Frameworks";
				PRODUCT_BUNDLE_IDENTIFIER = xinext.HiddenPokemonSearcher;
				PRODUCT_NAME = "$(TARGET_NAME)";
				SWIFT_VERSION = 3.0;
			};
			name = Debug;
		};
		41A21C661DBB7B9E00D8AD26 /* Release */ = {
			isa = XCBuildConfiguration;
			baseConfigurationReference = 8FF151C36442847F85EA1994 /* Pods-HiddenPokemonSearcher.release.xcconfig */;
			buildSettings = {
				ASSETCATALOG_COMPILER_APPICON_NAME = AppIcon;
				DEVELOPMENT_TEAM = 6N89BHW7Q5;
				INFOPLIST_FILE = HiddenPokemonSearcher/Info.plist;
				LD_RUNPATH_SEARCH_PATHS = "$(inherited) @executable_path/Frameworks";
				PRODUCT_BUNDLE_IDENTIFIER = xinext.HiddenPokemonSearcher;
				PRODUCT_NAME = "$(TARGET_NAME)";
				SWIFT_VERSION = 3.0;
			};
			name = Release;
		};
/* End XCBuildConfiguration section */

/* Begin XCConfigurationList section */
		41A21C4D1DBB7B9C00D8AD26 /* Build configuration list for PBXProject "HiddenPokemonSearcher" */ = {
			isa = XCConfigurationList;
			buildConfigurations = (
				41A21C621DBB7B9E00D8AD26 /* Debug */,
				41A21C631DBB7B9E00D8AD26 /* Release */,
			);
			defaultConfigurationIsVisible = 0;
			defaultConfigurationName = Release;
		};
		41A21C641DBB7B9E00D8AD26 /* Build configuration list for PBXNativeTarget "HiddenPokemonSearcher" */ = {
			isa = XCConfigurationList;
			buildConfigurations = (
				41A21C651DBB7B9E00D8AD26 /* Debug */,
				41A21C661DBB7B9E00D8AD26 /* Release */,
			);
			defaultConfigurationIsVisible = 0;
			defaultConfigurationName = Release;
		};
/* End XCConfigurationList section */
	};
	rootObject = 41A21C4A1DBB7B9C00D8AD26 /* Project object */;
}
